
Microsoft Visual Studio Solution File, Format Version 11.00
# Visual Studio 2010
Project("{FAE04EC0-301F-11D3-BF4B-00C04F79EFBC}") = "SurfaceApplication1", "..\..\visual studio 2010\Projects\SurfaceApplication1\SurfaceApplication1\SurfaceApplication1.csproj", "{EA871A6A-057C-4FB9-91B9-EDA75F9F02FD}"
EndProject
Global
	GlobalSection(SolutionConfigurationPlatforms) = preSolution
		Debug|Any CPU = Debug|Any CPU
		Release|Any CPU = Release|Any CPU
	EndGlobalSection
	GlobalSection(ProjectConfigurationPlatforms) = postSolution
		{EA871A6A-057C-4FB9-91B9-EDA75F9F02FD}.Debug|Any CPU.ActiveCfg = Debug|Any CPU
		{EA871A6A-057C-4FB9-91B9-EDA75F9F02FD}.Debug|Any CPU.Build.0 = Debug|Any CPU
		{EA871A6A-057C-4FB9-91B9-EDA75F9F02FD}.Release|Any CPU.ActiveCfg = Release|Any CPU
		{EA871A6A-057C-4FB9-91B9-EDA75F9F02FD}.Release|Any CPU.Build.0 = Release|Any CPU
	EndGlobalSection
	GlobalSection(SolutionProperties) = preSolution
		HideSolutionNode = FALSE
	EndGlobalSection
EndGlobal
